
Microsoft Visual Studio Solution File, Format Version 12.00
# Visual Studio Version 17
VisualStudioVersion = 17.2.32526.322
MinimumVisualStudioVersion = 10.0.40219.1
Project("{FAE04EC0-301F-11D3-BF4B-00C04F79EFBC}") = "SDCAPILearning", "SDCAPILearning\SDCAPILearning.csproj", "{B878C949-07BC-4D43-9574-B72FC05FFFF1}"
EndProject
Global
	GlobalSection(SolutionConfigurationPlatforms) = preSolution
		Debug|Any CPU = Debug|Any CPU
		Release|Any CPU = Release|Any CPU
	EndGlobalSection
	GlobalSection(ProjectConfigurationPlatforms) = postSolution
		{B878C949-07BC-4D43-9574-B72FC05FFFF1}.Debug|Any CPU.ActiveCfg = Debug|Any CPU
		{B878C949-07BC-4D43-9574-B72FC05FFFF1}.Debug|Any CPU.Build.0 = Debug|Any CPU
		{B878C949-07BC-4D43-9574-B72FC05FFFF1}.Release|Any CPU.ActiveCfg = Release|Any CPU
		{B878C949-07BC-4D43-9574-B72FC05FFFF1}.Release|Any CPU.Build.0 = Release|Any CPU
	EndGlobalSection
	GlobalSection(SolutionProperties) = preSolution
		HideSolutionNode = FALSE
	EndGlobalSection
	GlobalSection(ExtensibilityGlobals) = postSolution
		SolutionGuid = {FD74A758-A5C8-41D6-B925-85C86FC37FAE}
	EndGlobalSection
EndGlobal
